{
  "nodes": {
    "cpu-microcodes": {
      "flake": false,
      "locked": {
        "lastModified": 1753020829,
        "narHash": "sha256-kfozkCFSuIUWRgTBVzObaz2GOFLpGqezrsPT7qB+M9o=",
        "owner": "platomav",
        "repo": "CPUMicrocodes",
        "rev": "0afbcc11fdb082ae5816ebe7c60532ce4485a30e",
        "type": "github"
      },
      "original": {
        "owner": "platomav",
        "repo": "CPUMicrocodes",
        "rev": "0afbcc11fdb082ae5816ebe7c60532ce4485a30e",
        "type": "github"
      }
    },
    "home-manager": {
      "inputs": {
        "nixpkgs": [
          "nixpkgs"
        ]
      },
      "locked": {
        "lastModified": 1753181343,
        "narHash": "sha256-CLQfNtUqirNVSYoW/kYbvL4PeeNasmZonaPnjO3+1YQ=",
        "owner": "nix-community",
        "repo": "home-manager",
        "rev": "0cdfcdbb525b77b951c889b6131047bc374f48fe",
        "type": "github"
      },
      "original": {
        "owner": "nix-community",
        "repo": "home-manager",
        "type": "github"
      }
    },
    "hyprcursor-phinger": {
      "inputs": {
        "nixpkgs": [
          "nixpkgs"
        ]
      },
      "locked": {
        "lastModified": 1733645462,
        "narHash": "sha256-6ktkUyK1CAuAXRZLNcAvR7o9lduC/EX98wZaapi4Q5M=",
        "owner": "jappie3",
        "repo": "hyprcursor-phinger",
        "rev": "2e244e3398a3f9bbece6d21d56c2353cd773a8e6",
        "type": "github"
      },
      "original": {
        "owner": "jappie3",
        "repo": "hyprcursor-phinger",
        "type": "github"
      }
    },
    "nix-index-database": {
      "inputs": {
        "nixpkgs": [
          "nixpkgs"
        ]
      },
      "locked": {
        "lastModified": 1752985182,
        "narHash": "sha256-sX8Neff8lp3TCHai6QmgLr5AD8MdsQQX3b52C1DVXR8=",
        "owner": "nix-community",
        "repo": "nix-index-database",
        "rev": "fafdcb505ba605157ff7a7eeea452bc6d6cbc23c",
        "type": "github"
      },
      "original": {
        "owner": "nix-community",
        "repo": "nix-index-database",
        "type": "github"
      }
    },
    "nixpkgs": {
      "locked": {
        "lastModified": 1752950548,
        "narHash": "sha256-NS6BLD0lxOrnCiEOcvQCDVPXafX1/ek1dfJHX1nUIzc=",
        "owner": "nixos",
        "repo": "nixpkgs",
        "rev": "c87b95e25065c028d31a94f06a62927d18763fdf",
        "type": "github"
      },
      "original": {
        "owner": "nixos",
        "ref": "nixos-unstable",
        "repo": "nixpkgs",
        "type": "github"
      }
    },
    "root": {
      "inputs": {
        "home-manager": "home-manager",
        "hyprcursor-phinger": "hyprcursor-phinger",
        "nix-index-database": "nix-index-database",
        "nixpkgs": "nixpkgs",
        "ucodenix": "ucodenix",
        "zen-browser": "zen-browser"
      }
    },
    "ucodenix": {
      "inputs": {
        "cpu-microcodes": "cpu-microcodes"
      },
      "locked": {
        "lastModified": 1753104744,
        "narHash": "sha256-TiwXF+xQg4NUokelEQjEnY7lrYGhNuiiYq3Icnb8ovY=",
        "owner": "e-tho",
        "repo": "ucodenix",
        "rev": "7795b2cbb2bd9d19bb8aabd7644038e68bef7e62",
        "type": "github"
      },
      "original": {
        "owner": "e-tho",
        "repo": "ucodenix",
        "type": "github"
      }
    },
    "zen-browser": {
      "inputs": {
        "nixpkgs": [
          "nixpkgs"
        ]
      },
      "locked": {
        "lastModified": 1752725859,
        "narHash": "sha256-kjpmc7Y164ajPdscAZLFQTtzXP5sEE2dR30NuHe5lQY=",
        "owner": "youwen5",
        "repo": "zen-browser-flake",
        "rev": "2276ddce91a949e0819d9e8c4b171c40ce770390",
        "type": "github"
      },
      "original": {
        "owner": "youwen5",
        "repo": "zen-browser-flake",
        "type": "github"
      }
    }
  },
  "root": "root",
  "version": 7
}
